
Microsoft Visual Studio Solution File, Format Version 12.00
# Visual Studio Version 17
VisualStudioVersion = 17.13.35818.85 d17.13
MinimumVisualStudioVersion = 10.0.40219.1
Project("{FAE04EC0-301F-11D3-BF4B-00C04F79EFBC}") = "myapi_pensiones", "myapi_pensiones\myapi_pensiones.csproj", "{63C3275C-AAA4-41C5-A2CD-E4DA606ADB40}"
EndProject
Project("{E53339B2-1760-4266-BCC7-CA923CBCF16C}") = "docker-compose", "docker-compose.dcproj", "{81DDED9D-158B-E303-5F62-77A2896D2A5A}"
EndProject
Global
	GlobalSection(SolutionConfigurationPlatforms) = preSolution
		Debug|Any CPU = Debug|Any CPU
		Release|Any CPU = Release|Any CPU
	EndGlobalSection
	GlobalSection(ProjectConfigurationPlatforms) = postSolution
		{63C3275C-AAA4-41C5-A2CD-E4DA606ADB40}.Debug|Any CPU.ActiveCfg = Debug|Any CPU
		{63C3275C-AAA4-41C5-A2CD-E4DA606ADB40}.Debug|Any CPU.Build.0 = Debug|Any CPU
		{63C3275C-AAA4-41C5-A2CD-E4DA606ADB40}.Release|Any CPU.ActiveCfg = Release|Any CPU
		{63C3275C-AAA4-41C5-A2CD-E4DA606ADB40}.Release|Any CPU.Build.0 = Release|Any CPU
		{81DDED9D-158B-E303-5F62-77A2896D2A5A}.Debug|Any CPU.ActiveCfg = Debug|Any CPU
		{81DDED9D-158B-E303-5F62-77A2896D2A5A}.Debug|Any CPU.Build.0 = Debug|Any CPU
		{81DDED9D-158B-E303-5F62-77A2896D2A5A}.Release|Any CPU.ActiveCfg = Release|Any CPU
		{81DDED9D-158B-E303-5F62-77A2896D2A5A}.Release|Any CPU.Build.0 = Release|Any CPU
	EndGlobalSection
	GlobalSection(SolutionProperties) = preSolution
		HideSolutionNode = FALSE
	EndGlobalSection
	GlobalSection(ExtensibilityGlobals) = postSolution
		SolutionGuid = {60377D1A-4B4F-4557-B0E6-223A99C82DB9}
	EndGlobalSection
EndGlobal
